# This file is autogenerated, do not edit; changes may be undone by the next 'dep ensure'.


[[projects]]
  branch = "master"
  name = "github.com/codahale/sss"
  packages = ["."]
  revision = "0cb9f6d3f7f14abe7801e400be78df63f17db52d"

[[projects]]
  branch = "master"
  name = "github.com/jessevdk/go-flags"
  packages = ["."]
  revision = "1c38ed7ad0cc3d9e66649ac398c30e45f395c4eb"

[[projects]]
  branch = "master"
  name = "github.com/mewbak/gopass"
  packages = ["."]
  revision = "fa08fb4d03e3a626c172af829a5029727baf9222"

[[projects]]
  name = "golang.org/x/crypto"
  packages = [
    "curve25519",
    "internal/subtle",
    "nacl/box",
    "nacl/secretbox",
    "poly1305",
    "salsa20/salsa"
  ]
  revision = "614d502a4dac94afa3a6ce146bd1736da82514c6"

[solve-meta]
  analyzer-name = "dep"
  analyzer-version = 1
  inputs-digest = "63f7438cd8760f0fd7464392569e7351bb5fda612eb72b53fa6bcb9f3b54bc44"
  solver-name = "gps-cdcl"
  solver-version = 1
